// !$*UTF8*$!
{
	archiveVersion = 1;
	classes = {
	};
	objectVersion = 56;
	objects = {

/* Begin PBXBuildFile section */
		D1D8ECA12CAFB84B00204109 /* AppDelegate.swift in Sources */ = {isa = PBXBuildFile; fileRef = D1D8ECA02CAFB84B00204109 /* AppDelegate.swift */; };
		D1D8ECA32CAFB84B00204109 /* SceneDelegate.swift in Sources */ = {isa = PBXBuildFile; fileRef = D1D8ECA22CAFB84B00204109 /* SceneDelegate.swift */; };
		D1D8ECA52CAFB84B00204109 /* ViewController.swift in Sources */ = {isa = PBXBuildFile; fileRef = D1D8ECA42CAFB84B00204109 /* ViewController.swift */; };
		D1D8ECAA2CAFB84C00204109 /* Assets.xcassets in Resources */ = {isa = PBXBuildFile; fileRef = D1D8ECA92CAFB84C00204109 /* Assets.xcassets */; };
		D1D8ECAD2CAFB84C00204109 /* Base in Resources */ = {isa = PBXBuildFile; fileRef = D1D8ECAC2CAFB84C00204109 /* Base */; };
		D1D8ECC42CAFBB7200204109 /* LICENSE.txt in Resources */ = {isa = PBXBuildFile; fileRef = D1D8ECB62CAFBB7200204109 /* LICENSE.txt */; };
		D1D8ECC52CAFBB7200204109 /* Roboto-Black.ttf in Resources */ = {isa = PBXBuildFile; fileRef = D1D8ECB72CAFBB7200204109 /* Roboto-Black.ttf */; };
		D1D8ECC62CAFBB7200204109 /* Roboto-BlackItalic.ttf in Resources */ = {isa = PBXBuildFile; fileRef = D1D8ECB82CAFBB7200204109 /* Roboto-BlackItalic.ttf */; };
		D1D8ECC72CAFBB7200204109 /* Roboto-Bold.ttf in Resources */ = {isa = PBXBuildFile; fileRef = D1D8ECB92CAFBB7200204109 /* Roboto-Bold.ttf */; };
		D1D8ECC82CAFBB7200204109 /* Roboto-BoldItalic.ttf in Resources */ = {isa = PBXBuildFile; fileRef = D1D8ECBA2CAFBB7200204109 /* Roboto-BoldItalic.ttf */; };
		D1D8ECC92CAFBB7200204109 /* Roboto-Italic.ttf in Resources */ = {isa = PBXBuildFile; fileRef = D1D8ECBB2CAFBB7200204109 /* Roboto-Italic.ttf */; };
		D1D8ECCA2CAFBB7200204109 /* Roboto-Light.ttf in Resources */ = {isa = PBXBuildFile; fileRef = D1D8ECBC2CAFBB7200204109 /* Roboto-Light.ttf */; };
		D1D8ECCB2CAFBB7200204109 /* Roboto-LightItalic.ttf in Resources */ = {isa = PBXBuildFile; fileRef = D1D8ECBD2CAFBB7200204109 /* Roboto-LightItalic.ttf */; };
		D1D8ECCC2CAFBB7200204109 /* Roboto-Medium.ttf in Resources */ = {isa = PBXBuildFile; fileRef = D1D8ECBE2CAFBB7200204109 /* Roboto-Medium.ttf */; };
		D1D8ECCD2CAFBB7200204109 /* Roboto-MediumItalic.ttf in Resources */ = {isa = PBXBuildFile; fileRef = D1D8ECBF2CAFBB7200204109 /* Roboto-MediumItalic.ttf */; };
		D1D8ECCE2CAFBB7200204109 /* Roboto-Regular.ttf in Resources */ = {isa = PBXBuildFile; fileRef = D1D8ECC02CAFBB7200204109 /* Roboto-Regular.ttf */; };
		D1D8ECCF2CAFBB7200204109 /* Roboto-Thin.ttf in Resources */ = {isa = PBXBuildFile; fileRef = D1D8ECC12CAFBB7200204109 /* Roboto-Thin.ttf */; };
		D1D8ECD02CAFBB7200204109 /* Roboto-ThinItalic.ttf in Resources */ = {isa = PBXBuildFile; fileRef = D1D8ECC22CAFBB7200204109 /* Roboto-ThinItalic.ttf */; };
		D1D8ECD32CAFBC7300204109 /* UIFont + Extension.swift in Sources */ = {isa = PBXBuildFile; fileRef = D1D8ECD22CAFBC7300204109 /* UIFont + Extension.swift */; };
		D1D8ECD52CAFBD7F00204109 /* UIColor + Extension.swift in Sources */ = {isa = PBXBuildFile; fileRef = D1D8ECD42CAFBD7F00204109 /* UIColor + Extension.swift */; };
		D1D8ECD72CAFBDA400204109 /* AppColors.swift in Sources */ = {isa = PBXBuildFile; fileRef = D1D8ECD62CAFBDA400204109 /* AppColors.swift */; };
		D1D8ECDB2CB1078A00204109 /* Coordinator.swift in Sources */ = {isa = PBXBuildFile; fileRef = D1D8ECDA2CB1078A00204109 /* Coordinator.swift */; };
		D1D8ECDE2CB11EAD00204109 /* AppCoordinator.swift in Sources */ = {isa = PBXBuildFile; fileRef = D1D8ECDD2CB11EAD00204109 /* AppCoordinator.swift */; };
		D1D8ECE02CB11FDE00204109 /* OnBoardingCoordinator.swift in Sources */ = {isa = PBXBuildFile; fileRef = D1D8ECDF2CB11FDE00204109 /* OnBoardingCoordinator.swift */; };
/* End PBXBuildFile section */

/* Begin PBXFileReference section */
		D1D8EC9D2CAFB84B00204109 /* FoodDeliveryApp.app */ = {isa = PBXFileReference; explicitFileType = wrapper.application; includeInIndex = 0; path = FoodDeliveryApp.app; sourceTree = BUILT_PRODUCTS_DIR; };
		D1D8ECA02CAFB84B00204109 /* AppDelegate.swift */ = {isa = PBXFileReference; lastKnownFileType = sourcecode.swift; path = AppDelegate.swift; sourceTree = "<group>"; };
		D1D8ECA22CAFB84B00204109 /* SceneDelegate.swift */ = {isa = PBXFileReference; lastKnownFileType = sourcecode.swift; path = SceneDelegate.swift; sourceTree = "<group>"; };
		D1D8ECA42CAFB84B00204109 /* ViewController.swift */ = {isa = PBXFileReference; lastKnownFileType = sourcecode.swift; path = ViewController.swift; sourceTree = "<group>"; };
		D1D8ECA92CAFB84C00204109 /* Assets.xcassets */ = {isa = PBXFileReference; lastKnownFileType = folder.assetcatalog; path = Assets.xcassets; sourceTree = "<group>"; };
		D1D8ECAC2CAFB84C00204109 /* Base */ = {isa = PBXFileReference; lastKnownFileType = file.storyboard; name = Base; path = Base.lproj/LaunchScreen.storyboard; sourceTree = "<group>"; };
		D1D8ECAE2CAFB84C00204109 /* Info.plist */ = {isa = PBXFileReference; lastKnownFileType = text.plist.xml; path = Info.plist; sourceTree = "<group>"; };
		D1D8ECB62CAFBB7200204109 /* LICENSE.txt */ = {isa = PBXFileReference; fileEncoding = 4; lastKnownFileType = text; path = LICENSE.txt; sourceTree = "<group>"; };
		D1D8ECB72CAFBB7200204109 /* Roboto-Black.ttf */ = {isa = PBXFileReference; lastKnownFileType = file; path = "Roboto-Black.ttf"; sourceTree = "<group>"; };
		D1D8ECB82CAFBB7200204109 /* Roboto-BlackItalic.ttf */ = {isa = PBXFileReference; lastKnownFileType = file; path = "Roboto-BlackItalic.ttf"; sourceTree = "<group>"; };
		D1D8ECB92CAFBB7200204109 /* Roboto-Bold.ttf */ = {isa = PBXFileReference; lastKnownFileType = file; path = "Roboto-Bold.ttf"; sourceTree = "<group>"; };
		D1D8ECBA2CAFBB7200204109 /* Roboto-BoldItalic.ttf */ = {isa = PBXFileReference; lastKnownFileType = file; path = "Roboto-BoldItalic.ttf"; sourceTree = "<group>"; };
		D1D8ECBB2CAFBB7200204109 /* Roboto-Italic.ttf */ = {isa = PBXFileReference; lastKnownFileType = file; path = "Roboto-Italic.ttf"; sourceTree = "<group>"; };
		D1D8ECBC2CAFBB7200204109 /* Roboto-Light.ttf */ = {isa = PBXFileReference; lastKnownFileType = file; path = "Roboto-Light.ttf"; sourceTree = "<group>"; };
		D1D8ECBD2CAFBB7200204109 /* Roboto-LightItalic.ttf */ = {isa = PBXFileReference; lastKnownFileType = file; path = "Roboto-LightItalic.ttf"; sourceTree = "<group>"; };
		D1D8ECBE2CAFBB7200204109 /* Roboto-Medium.ttf */ = {isa = PBXFileReference; lastKnownFileType = file; path = "Roboto-Medium.ttf"; sourceTree = "<group>"; };
		D1D8ECBF2CAFBB7200204109 /* Roboto-MediumItalic.ttf */ = {isa = PBXFileReference; lastKnownFileType = file; path = "Roboto-MediumItalic.ttf"; sourceTree = "<group>"; };
		D1D8ECC02CAFBB7200204109 /* Roboto-Regular.ttf */ = {isa = PBXFileReference; lastKnownFileType = file; path = "Roboto-Regular.ttf"; sourceTree = "<group>"; };
		D1D8ECC12CAFBB7200204109 /* Roboto-Thin.ttf */ = {isa = PBXFileReference; lastKnownFileType = file; path = "Roboto-Thin.ttf"; sourceTree = "<group>"; };
		D1D8ECC22CAFBB7200204109 /* Roboto-ThinItalic.ttf */ = {isa = PBXFileReference; lastKnownFileType = file; path = "Roboto-ThinItalic.ttf"; sourceTree = "<group>"; };
		D1D8ECD22CAFBC7300204109 /* UIFont + Extension.swift */ = {isa = PBXFileReference; lastKnownFileType = sourcecode.swift; path = "UIFont + Extension.swift"; sourceTree = "<group>"; };
		D1D8ECD42CAFBD7F00204109 /* UIColor + Extension.swift */ = {isa = PBXFileReference; lastKnownFileType = sourcecode.swift; path = "UIColor + Extension.swift"; sourceTree = "<group>"; };
		D1D8ECD62CAFBDA400204109 /* AppColors.swift */ = {isa = PBXFileReference; lastKnownFileType = sourcecode.swift; path = AppColors.swift; sourceTree = "<group>"; };
		D1D8ECDA2CB1078A00204109 /* Coordinator.swift */ = {isa = PBXFileReference; lastKnownFileType = sourcecode.swift; path = Coordinator.swift; sourceTree = "<group>"; };
		D1D8ECDD2CB11EAD00204109 /* AppCoordinator.swift */ = {isa = PBXFileReference; lastKnownFileType = sourcecode.swift; path = AppCoordinator.swift; sourceTree = "<group>"; };
		D1D8ECDF2CB11FDE00204109 /* OnBoardingCoordinator.swift */ = {isa = PBXFileReference; lastKnownFileType = sourcecode.swift; path = OnBoardingCoordinator.swift; sourceTree = "<group>"; };
/* End PBXFileReference section */

/* Begin PBXFrameworksBuildPhase section */
		D1D8EC9A2CAFB84B00204109 /* Frameworks */ = {
			isa = PBXFrameworksBuildPhase;
			buildActionMask = 2147483647;
			files = (
			);
			runOnlyForDeploymentPostprocessing = 0;
		};
/* End PBXFrameworksBuildPhase section */

/* Begin PBXGroup section */
		D1D8EC942CAFB84B00204109 = {
			isa = PBXGroup;
			children = (
				D1D8EC9F2CAFB84B00204109 /* FoodDeliveryApp */,
				D1D8EC9E2CAFB84B00204109 /* Products */,
			);
			sourceTree = "<group>";
		};
		D1D8EC9E2CAFB84B00204109 /* Products */ = {
			isa = PBXGroup;
			children = (
				D1D8EC9D2CAFB84B00204109 /* FoodDeliveryApp.app */,
			);
			name = Products;
			sourceTree = "<group>";
		};
		D1D8EC9F2CAFB84B00204109 /* FoodDeliveryApp */ = {
			isa = PBXGroup;
			children = (
				D1D8ECD82CAFBFEF00204109 /* NavigationLayer */,
				D1D8ECB42CAFBB4400204109 /* Recources */,
				D1D8ECA02CAFB84B00204109 /* AppDelegate.swift */,
				D1D8ECA22CAFB84B00204109 /* SceneDelegate.swift */,
				D1D8ECA42CAFB84B00204109 /* ViewController.swift */,
				D1D8ECA92CAFB84C00204109 /* Assets.xcassets */,
				D1D8ECAB2CAFB84C00204109 /* LaunchScreen.storyboard */,
				D1D8ECAE2CAFB84C00204109 /* Info.plist */,
			);
			path = FoodDeliveryApp;
			sourceTree = "<group>";
		};
		D1D8ECB42CAFBB4400204109 /* Recources */ = {
			isa = PBXGroup;
			children = (
				D1D8ECD12CAFBC5E00204109 /* Extensions */,
				D1D8ECB52CAFBB5000204109 /* Fonts */,
				D1D8ECD62CAFBDA400204109 /* AppColors.swift */,
			);
			path = Recources;
			sourceTree = "<group>";
		};
		D1D8ECB52CAFBB5000204109 /* Fonts */ = {
			isa = PBXGroup;
			children = (
				D1D8ECC32CAFBB7200204109 /* Roboto */,
			);
			path = Fonts;
			sourceTree = "<group>";
		};
		D1D8ECC32CAFBB7200204109 /* Roboto */ = {
			isa = PBXGroup;
			children = (
				D1D8ECB62CAFBB7200204109 /* LICENSE.txt */,
				D1D8ECB72CAFBB7200204109 /* Roboto-Black.ttf */,
				D1D8ECB82CAFBB7200204109 /* Roboto-BlackItalic.ttf */,
				D1D8ECB92CAFBB7200204109 /* Roboto-Bold.ttf */,
				D1D8ECBA2CAFBB7200204109 /* Roboto-BoldItalic.ttf */,
				D1D8ECBB2CAFBB7200204109 /* Roboto-Italic.ttf */,
				D1D8ECBC2CAFBB7200204109 /* Roboto-Light.ttf */,
				D1D8ECBD2CAFBB7200204109 /* Roboto-LightItalic.ttf */,
				D1D8ECBE2CAFBB7200204109 /* Roboto-Medium.ttf */,
				D1D8ECBF2CAFBB7200204109 /* Roboto-MediumItalic.ttf */,
				D1D8ECC02CAFBB7200204109 /* Roboto-Regular.ttf */,
				D1D8ECC12CAFBB7200204109 /* Roboto-Thin.ttf */,
				D1D8ECC22CAFBB7200204109 /* Roboto-ThinItalic.ttf */,
			);
			path = Roboto;
			sourceTree = "<group>";
		};
		D1D8ECD12CAFBC5E00204109 /* Extensions */ = {
			isa = PBXGroup;
			children = (
				D1D8ECD22CAFBC7300204109 /* UIFont + Extension.swift */,
				D1D8ECD42CAFBD7F00204109 /* UIColor + Extension.swift */,
			);
			path = Extensions;
			sourceTree = "<group>";
		};
		D1D8ECD82CAFBFEF00204109 /* NavigationLayer */ = {
			isa = PBXGroup;
			children = (
				D1D8ECD92CB1077A00204109 /* Coordinators */,
				D1D8ECDC2CB107A000204109 /* Controllers */,
			);
			path = NavigationLayer;
			sourceTree = "<group>";
		};
		D1D8ECD92CB1077A00204109 /* Coordinators */ = {
			isa = PBXGroup;
			children = (
				D1D8ECDA2CB1078A00204109 /* Coordinator.swift */,
				D1D8ECDD2CB11EAD00204109 /* AppCoordinator.swift */,
				D1D8ECDF2CB11FDE00204109 /* OnBoardingCoordinator.swift */,
			);
			path = Coordinators;
			sourceTree = "<group>";
		};
		D1D8ECDC2CB107A000204109 /* Controllers */ = {
			isa = PBXGroup;
			children = (
			);
			path = Controllers;
			sourceTree = "<group>";
		};
/* End PBXGroup section */

/* Begin PBXNativeTarget section */
		D1D8EC9C2CAFB84B00204109 /* FoodDeliveryApp */ = {
			isa = PBXNativeTarget;
			buildConfigurationList = D1D8ECB12CAFB84C00204109 /* Build configuration list for PBXNativeTarget "FoodDeliveryApp" */;
			buildPhases = (
				D1D8EC992CAFB84B00204109 /* Sources */,
				D1D8EC9A2CAFB84B00204109 /* Frameworks */,
				D1D8EC9B2CAFB84B00204109 /* Resources */,
			);
			buildRules = (
			);
			dependencies = (
			);
			name = FoodDeliveryApp;
			productName = FoodDeliveryApp;
			productReference = D1D8EC9D2CAFB84B00204109 /* FoodDeliveryApp.app */;
			productType = "com.apple.product-type.application";
		};
/* End PBXNativeTarget section */

/* Begin PBXProject section */
		D1D8EC952CAFB84B00204109 /* Project object */ = {
			isa = PBXProject;
			attributes = {
				BuildIndependentTargetsInParallel = 1;
				LastSwiftUpdateCheck = 1530;
				LastUpgradeCheck = 1530;
				TargetAttributes = {
					D1D8EC9C2CAFB84B00204109 = {
						CreatedOnToolsVersion = 15.3;
					};
				};
			};
			buildConfigurationList = D1D8EC982CAFB84B00204109 /* Build configuration list for PBXProject "FoodDeliveryApp" */;
			compatibilityVersion = "Xcode 14.0";
			developmentRegion = en;
			hasScannedForEncodings = 0;
			knownRegions = (
				en,
				Base,
			);
			mainGroup = D1D8EC942CAFB84B00204109;
			productRefGroup = D1D8EC9E2CAFB84B00204109 /* Products */;
			projectDirPath = "";
			projectRoot = "";
			targets = (
				D1D8EC9C2CAFB84B00204109 /* FoodDeliveryApp */,
			);
		};
/* End PBXProject section */

/* Begin PBXResourcesBuildPhase section */
		D1D8EC9B2CAFB84B00204109 /* Resources */ = {
			isa = PBXResourcesBuildPhase;
			buildActionMask = 2147483647;
			files = (
				D1D8ECD02CAFBB7200204109 /* Roboto-ThinItalic.ttf in Resources */,
				D1D8ECCF2CAFBB7200204109 /* Roboto-Thin.ttf in Resources */,
				D1D8ECC42CAFBB7200204109 /* LICENSE.txt in Resources */,
				D1D8ECAA2CAFB84C00204109 /* Assets.xcassets in Resources */,
				D1D8ECCB2CAFBB7200204109 /* Roboto-LightItalic.ttf in Resources */,
				D1D8ECC72CAFBB7200204109 /* Roboto-Bold.ttf in Resources */,
				D1D8ECCD2CAFBB7200204109 /* Roboto-MediumItalic.ttf in Resources */,
				D1D8ECC62CAFBB7200204109 /* Roboto-BlackItalic.ttf in Resources */,
				D1D8ECAD2CAFB84C00204109 /* Base in Resources */,
				D1D8ECC92CAFBB7200204109 /* Roboto-Italic.ttf in Resources */,
				D1D8ECC82CAFBB7200204109 /* Roboto-BoldItalic.ttf in Resources */,
				D1D8ECCC2CAFBB7200204109 /* Roboto-Medium.ttf in Resources */,
				D1D8ECCE2CAFBB7200204109 /* Roboto-Regular.ttf in Resources */,
				D1D8ECC52CAFBB7200204109 /* Roboto-Black.ttf in Resources */,
				D1D8ECCA2CAFBB7200204109 /* Roboto-Light.ttf in Resources */,
			);
			runOnlyForDeploymentPostprocessing = 0;
		};
/* End PBXResourcesBuildPhase section */

/* Begin PBXSourcesBuildPhase section */
		D1D8EC992CAFB84B00204109 /* Sources */ = {
			isa = PBXSourcesBuildPhase;
			buildActionMask = 2147483647;
			files = (
				D1D8ECD32CAFBC7300204109 /* UIFont + Extension.swift in Sources */,
				D1D8ECA52CAFB84B00204109 /* ViewController.swift in Sources */,
				D1D8ECA12CAFB84B00204109 /* AppDelegate.swift in Sources */,
				D1D8ECD72CAFBDA400204109 /* AppColors.swift in Sources */,
				D1D8ECDE2CB11EAD00204109 /* AppCoordinator.swift in Sources */,
				D1D8ECA32CAFB84B00204109 /* SceneDelegate.swift in Sources */,
				D1D8ECD52CAFBD7F00204109 /* UIColor + Extension.swift in Sources */,
				D1D8ECDB2CB1078A00204109 /* Coordinator.swift in Sources */,
				D1D8ECE02CB11FDE00204109 /* OnBoardingCoordinator.swift in Sources */,
			);
			runOnlyForDeploymentPostprocessing = 0;
		};
/* End PBXSourcesBuildPhase section */

/* Begin PBXVariantGroup section */
		D1D8ECAB2CAFB84C00204109 /* LaunchScreen.storyboard */ = {
			isa = PBXVariantGroup;
			children = (
				D1D8ECAC2CAFB84C00204109 /* Base */,
			);
			name = LaunchScreen.storyboard;
			sourceTree = "<group>";
		};
/* End PBXVariantGroup section */

/* Begin XCBuildConfiguration section */
		D1D8ECAF2CAFB84C00204109 /* Debug */ = {
			isa = XCBuildConfiguration;
			buildSettings = {
				ALWAYS_SEARCH_USER_PATHS = NO;
				ASSETCATALOG_COMPILER_GENERATE_SWIFT_ASSET_SYMBOL_EXTENSIONS = YES;
				CLANG_ANALYZER_NONNULL = YES;
				CLANG_ANALYZER_NUMBER_OBJECT_CONVERSION = YES_AGGRESSIVE;
				CLANG_CXX_LANGUAGE_STANDARD = "gnu++20";
				CLANG_ENABLE_MODULES = YES;
				CLANG_ENABLE_OBJC_ARC = YES;
				CLANG_ENABLE_OBJC_WEAK = YES;
				CLANG_WARN_BLOCK_CAPTURE_AUTORELEASING = YES;
				CLANG_WARN_BOOL_CONVERSION = YES;
				CLANG_WARN_COMMA = YES;
				CLANG_WARN_CONSTANT_CONVERSION = YES;
				CLANG_WARN_DEPRECATED_OBJC_IMPLEMENTATIONS = YES;
				CLANG_WARN_DIRECT_OBJC_ISA_USAGE = YES_ERROR;
				CLANG_WARN_DOCUMENTATION_COMMENTS = YES;
				CLANG_WARN_EMPTY_BODY = YES;
				CLANG_WARN_ENUM_CONVERSION = YES;
				CLANG_WARN_INFINITE_RECURSION = YES;
				CLANG_WARN_INT_CONVERSION = YES;
				CLANG_WARN_NON_LITERAL_NULL_CONVERSION = YES;
				CLANG_WARN_OBJC_IMPLICIT_RETAIN_SELF = YES;
				CLANG_WARN_OBJC_LITERAL_CONVERSION = YES;
				CLANG_WARN_OBJC_ROOT_CLASS = YES_ERROR;
				CLANG_WARN_QUOTED_INCLUDE_IN_FRAMEWORK_HEADER = YES;
				CLANG_WARN_RANGE_LOOP_ANALYSIS = YES;
				CLANG_WARN_STRICT_PROTOTYPES = YES;
				CLANG_WARN_SUSPICIOUS_MOVE = YES;
				CLANG_WARN_UNGUARDED_AVAILABILITY = YES_AGGRESSIVE;
				CLANG_WARN_UNREACHABLE_CODE = YES;
				CLANG_WARN__DUPLICATE_METHOD_MATCH = YES;
				COPY_PHASE_STRIP = NO;
				DEBUG_INFORMATION_FORMAT = dwarf;
				ENABLE_STRICT_OBJC_MSGSEND = YES;
				ENABLE_TESTABILITY = YES;
				ENABLE_USER_SCRIPT_SANDBOXING = YES;
				GCC_C_LANGUAGE_STANDARD = gnu17;
				GCC_DYNAMIC_NO_PIC = NO;
				GCC_NO_COMMON_BLOCKS = YES;
				GCC_OPTIMIZATION_LEVEL = 0;
				GCC_PREPROCESSOR_DEFINITIONS = (
					"DEBUG=1",
					"$(inherited)",
				);
				GCC_WARN_64_TO_32_BIT_CONVERSION = YES;
				GCC_WARN_ABOUT_RETURN_TYPE = YES_ERROR;
				GCC_WARN_UNDECLARED_SELECTOR = YES;
				GCC_WARN_UNINITIALIZED_AUTOS = YES_AGGRESSIVE;
				GCC_WARN_UNUSED_FUNCTION = YES;
				GCC_WARN_UNUSED_VARIABLE = YES;
				IPHONEOS_DEPLOYMENT_TARGET = 17.4;
				LOCALIZATION_PREFERS_STRING_CATALOGS = YES;
				MTL_ENABLE_DEBUG_INFO = INCLUDE_SOURCE;
				MTL_FAST_MATH = YES;
				ONLY_ACTIVE_ARCH = YES;
				SDKROOT = iphoneos;
				SWIFT_ACTIVE_COMPILATION_CONDITIONS = "DEBUG $(inherited)";
				SWIFT_OPTIMIZATION_LEVEL = "-Onone";
			};
			name = Debug;
		};
		D1D8ECB02CAFB84C00204109 /* Release */ = {
			isa = XCBuildConfiguration;
			buildSettings = {
				ALWAYS_SEARCH_USER_PATHS = NO;
				ASSETCATALOG_COMPILER_GENERATE_SWIFT_ASSET_SYMBOL_EXTENSIONS = YES;
				CLANG_ANALYZER_NONNULL = YES;
				CLANG_ANALYZER_NUMBER_OBJECT_CONVERSION = YES_AGGRESSIVE;
				CLANG_CXX_LANGUAGE_STANDARD = "gnu++20";
				CLANG_ENABLE_MODULES = YES;
				CLANG_ENABLE_OBJC_ARC = YES;
				CLANG_ENABLE_OBJC_WEAK = YES;
				CLANG_WARN_BLOCK_CAPTURE_AUTORELEASING = YES;
				CLANG_WARN_BOOL_CONVERSION = YES;
				CLANG_WARN_COMMA = YES;
				CLANG_WARN_CONSTANT_CONVERSION = YES;
				CLANG_WARN_DEPRECATED_OBJC_IMPLEMENTATIONS = YES;
				CLANG_WARN_DIRECT_OBJC_ISA_USAGE = YES_ERROR;
				CLANG_WARN_DOCUMENTATION_COMMENTS = YES;
				CLANG_WARN_EMPTY_BODY = YES;
				CLANG_WARN_ENUM_CONVERSION = YES;
				CLANG_WARN_INFINITE_RECURSION = YES;
				CLANG_WARN_INT_CONVERSION = YES;
				CLANG_WARN_NON_LITERAL_NULL_CONVERSION = YES;
				CLANG_WARN_OBJC_IMPLICIT_RETAIN_SELF = YES;
				CLANG_WARN_OBJC_LITERAL_CONVERSION = YES;
				CLANG_WARN_OBJC_ROOT_CLASS = YES_ERROR;
				CLANG_WARN_QUOTED_INCLUDE_IN_FRAMEWORK_HEADER = YES;
				CLANG_WARN_RANGE_LOOP_ANALYSIS = YES;
				CLANG_WARN_STRICT_PROTOTYPES = YES;
				CLANG_WARN_SUSPICIOUS_MOVE = YES;
				CLANG_WARN_UNGUARDED_AVAILABILITY = YES_AGGRESSIVE;
				CLANG_WARN_UNREACHABLE_CODE = YES;
				CLANG_WARN__DUPLICATE_METHOD_MATCH = YES;
				COPY_PHASE_STRIP = NO;
				DEBUG_INFORMATION_FORMAT = "dwarf-with-dsym";
				ENABLE_NS_ASSERTIONS = NO;
				ENABLE_STRICT_OBJC_MSGSEND = YES;
				ENABLE_USER_SCRIPT_SANDBOXING = YES;
				GCC_C_LANGUAGE_STANDARD = gnu17;
				GCC_NO_COMMON_BLOCKS = YES;
				GCC_WARN_64_TO_32_BIT_CONVERSION = YES;
				GCC_WARN_ABOUT_RETURN_TYPE = YES_ERROR;
				GCC_WARN_UNDECLARED_SELECTOR = YES;
				GCC_WARN_UNINITIALIZED_AUTOS = YES_AGGRESSIVE;
				GCC_WARN_UNUSED_FUNCTION = YES;
				GCC_WARN_UNUSED_VARIABLE = YES;
				IPHONEOS_DEPLOYMENT_TARGET = 17.4;
				LOCALIZATION_PREFERS_STRING_CATALOGS = YES;
				MTL_ENABLE_DEBUG_INFO = NO;
				MTL_FAST_MATH = YES;
				SDKROOT = iphoneos;
				SWIFT_COMPILATION_MODE = wholemodule;
				VALIDATE_PRODUCT = YES;
			};
			name = Release;
		};
		D1D8ECB22CAFB84C00204109 /* Debug */ = {
			isa = XCBuildConfiguration;
			buildSettings = {
				ASSETCATALOG_COMPILER_APPICON_NAME = AppIcon;
				ASSETCATALOG_COMPILER_GLOBAL_ACCENT_COLOR_NAME = AccentColor;
				CODE_SIGN_STYLE = Automatic;
				CURRENT_PROJECT_VERSION = 1;
				DEVELOPMENT_TEAM = B7RN7KLJ9N;
				GENERATE_INFOPLIST_FILE = YES;
				INFOPLIST_FILE = FoodDeliveryApp/Info.plist;
				INFOPLIST_KEY_UIApplicationSupportsIndirectInputEvents = YES;
				INFOPLIST_KEY_UILaunchStoryboardName = LaunchScreen;
				INFOPLIST_KEY_UISupportedInterfaceOrientations_iPad = "UIInterfaceOrientationPortrait UIInterfaceOrientationPortraitUpsideDown UIInterfaceOrientationLandscapeLeft UIInterfaceOrientationLandscapeRight";
				INFOPLIST_KEY_UISupportedInterfaceOrientations_iPhone = "UIInterfaceOrientationPortrait UIInterfaceOrientationLandscapeLeft UIInterfaceOrientationLandscapeRight";
				LD_RUNPATH_SEARCH_PATHS = (
					"$(inherited)",
					"@executable_path/Frameworks",
				);
				MARKETING_VERSION = 1.0;
				PRODUCT_BUNDLE_IDENTIFIER = "my-personal.FoodDeliveryApp";
				PRODUCT_NAME = "$(TARGET_NAME)";
				SWIFT_EMIT_LOC_STRINGS = YES;
				SWIFT_VERSION = 5.0;
				TARGETED_DEVICE_FAMILY = "1,2";
			};
			name = Debug;
		};
		D1D8ECB32CAFB84C00204109 /* Release */ = {
			isa = XCBuildConfiguration;
			buildSettings = {
				ASSETCATALOG_COMPILER_APPICON_NAME = AppIcon;
				ASSETCATALOG_COMPILER_GLOBAL_ACCENT_COLOR_NAME = AccentColor;
				CODE_SIGN_STYLE = Automatic;
				CURRENT_PROJECT_VERSION = 1;
				DEVELOPMENT_TEAM = B7RN7KLJ9N;
				GENERATE_INFOPLIST_FILE = YES;
				INFOPLIST_FILE = FoodDeliveryApp/Info.plist;
				INFOPLIST_KEY_UIApplicationSupportsIndirectInputEvents = YES;
				INFOPLIST_KEY_UILaunchStoryboardName = LaunchScreen;
				INFOPLIST_KEY_UISupportedInterfaceOrientations_iPad = "UIInterfaceOrientationPortrait UIInterfaceOrientationPortraitUpsideDown UIInterfaceOrientationLandscapeLeft UIInterfaceOrientationLandscapeRight";
				INFOPLIST_KEY_UISupportedInterfaceOrientations_iPhone = "UIInterfaceOrientationPortrait UIInterfaceOrientationLandscapeLeft UIInterfaceOrientationLandscapeRight";
				LD_RUNPATH_SEARCH_PATHS = (
					"$(inherited)",
					"@executable_path/Frameworks",
				);
				MARKETING_VERSION = 1.0;
				PRODUCT_BUNDLE_IDENTIFIER = "my-personal.FoodDeliveryApp";
				PRODUCT_NAME = "$(TARGET_NAME)";
				SWIFT_EMIT_LOC_STRINGS = YES;
				SWIFT_VERSION = 5.0;
				TARGETED_DEVICE_FAMILY = "1,2";
			};
			name = Release;
		};
/* End XCBuildConfiguration section */

/* Begin XCConfigurationList section */
		D1D8EC982CAFB84B00204109 /* Build configuration list for PBXProject "FoodDeliveryApp" */ = {
			isa = XCConfigurationList;
			buildConfigurations = (
				D1D8ECAF2CAFB84C00204109 /* Debug */,
				D1D8ECB02CAFB84C00204109 /* Release */,
			);
			defaultConfigurationIsVisible = 0;
			defaultConfigurationName = Release;
		};
		D1D8ECB12CAFB84C00204109 /* Build configuration list for PBXNativeTarget "FoodDeliveryApp" */ = {
			isa = XCConfigurationList;
			buildConfigurations = (
				D1D8ECB22CAFB84C00204109 /* Debug */,
				D1D8ECB32CAFB84C00204109 /* Release */,
			);
			defaultConfigurationIsVisible = 0;
			defaultConfigurationName = Release;
		};
/* End XCConfigurationList section */
	};
	rootObject = D1D8EC952CAFB84B00204109 /* Project object */;
}
